{
  "requires": true,
  "lockfileVersion": 1,
  "dependencies": {
    "command-exists": {
      "version": "1.2.6",
      "resolved": "https://registry.npmjs.org/command-exists/-/command-exists-1.2.6.tgz",
      "integrity": "sha512-Qst/zUUNmS/z3WziPxyqjrcz09pm+2Knbs5mAZL4VAE0sSrNY1/w8+/YxeHcoBTsO6iojA6BW7eFf27Eg2MRuw=="
    }
  }
}
